
Microsoft Visual Studio Solution File, Format Version 12.00
# Visual Studio Version 16
VisualStudioVersion = 16.0.30907.101
MinimumVisualStudioVersion = 10.0.40219.1
Project("{FAE04EC0-301F-11D3-BF4B-00C04F79EFBC}") = "230 OOP Override Using new", "230 OOP Override Using new\230 OOP Override Using new.csproj", "{D247B71E-A755-4468-A9C8-9495F201981C}"
EndProject
Global
	GlobalSection(SolutionConfigurationPlatforms) = preSolution
		Debug|Any CPU = Debug|Any CPU
		Release|Any CPU = Release|Any CPU
	EndGlobalSection
	GlobalSection(ProjectConfigurationPlatforms) = postSolution
		{D247B71E-A755-4468-A9C8-9495F201981C}.Debug|Any CPU.ActiveCfg = Debug|Any CPU
		{D247B71E-A755-4468-A9C8-9495F201981C}.Debug|Any CPU.Build.0 = Debug|Any CPU
		{D247B71E-A755-4468-A9C8-9495F201981C}.Release|Any CPU.ActiveCfg = Release|Any CPU
		{D247B71E-A755-4468-A9C8-9495F201981C}.Release|Any CPU.Build.0 = Release|Any CPU
	EndGlobalSection
	GlobalSection(SolutionProperties) = preSolution
		HideSolutionNode = FALSE
	EndGlobalSection
	GlobalSection(ExtensibilityGlobals) = postSolution
		SolutionGuid = {4B85E052-D286-4BEB-95AC-22E95BCA1040}
	EndGlobalSection
EndGlobal
