
Microsoft Visual Studio Solution File, Format Version 12.00
# Visual Studio Version 16
VisualStudioVersion = 16.0.30907.101
MinimumVisualStudioVersion = 10.0.40219.1
Project("{FAE04EC0-301F-11D3-BF4B-00C04F79EFBC}") = "228 OOP inheritance", "228 OOP inheritance\228 OOP inheritance.csproj", "{AC13ABDF-D1F4-4CEB-BF45-79911FE18053}"
EndProject
Global
	GlobalSection(SolutionConfigurationPlatforms) = preSolution
		Debug|Any CPU = Debug|Any CPU
		Release|Any CPU = Release|Any CPU
	EndGlobalSection
	GlobalSection(ProjectConfigurationPlatforms) = postSolution
		{AC13ABDF-D1F4-4CEB-BF45-79911FE18053}.Debug|Any CPU.ActiveCfg = Debug|Any CPU
		{AC13ABDF-D1F4-4CEB-BF45-79911FE18053}.Debug|Any CPU.Build.0 = Debug|Any CPU
		{AC13ABDF-D1F4-4CEB-BF45-79911FE18053}.Release|Any CPU.ActiveCfg = Release|Any CPU
		{AC13ABDF-D1F4-4CEB-BF45-79911FE18053}.Release|Any CPU.Build.0 = Release|Any CPU
	EndGlobalSection
	GlobalSection(SolutionProperties) = preSolution
		HideSolutionNode = FALSE
	EndGlobalSection
	GlobalSection(ExtensibilityGlobals) = postSolution
		SolutionGuid = {67C2FE7C-AB0D-497C-82D9-CB9D883655B1}
	EndGlobalSection
EndGlobal
