
Microsoft Visual Studio Solution File, Format Version 12.00
# Visual Studio Version 16
VisualStudioVersion = 16.0.30804.86
MinimumVisualStudioVersion = 10.0.40219.1
Project("{FAE04EC0-301F-11D3-BF4B-00C04F79EFBC}") = "060 Debuging TRACING PROGRAM", "060 Debuging TRACING PROGRAM\060 Debuging TRACING PROGRAM.csproj", "{DAA1ECBD-E857-4E2E-9A7F-08F2E6E9624A}"
EndProject
Global
	GlobalSection(SolutionConfigurationPlatforms) = preSolution
		Debug|Any CPU = Debug|Any CPU
		Release|Any CPU = Release|Any CPU
	EndGlobalSection
	GlobalSection(ProjectConfigurationPlatforms) = postSolution
		{DAA1ECBD-E857-4E2E-9A7F-08F2E6E9624A}.Debug|Any CPU.ActiveCfg = Debug|Any CPU
		{DAA1ECBD-E857-4E2E-9A7F-08F2E6E9624A}.Debug|Any CPU.Build.0 = Debug|Any CPU
		{DAA1ECBD-E857-4E2E-9A7F-08F2E6E9624A}.Release|Any CPU.ActiveCfg = Release|Any CPU
		{DAA1ECBD-E857-4E2E-9A7F-08F2E6E9624A}.Release|Any CPU.Build.0 = Release|Any CPU
	EndGlobalSection
	GlobalSection(SolutionProperties) = preSolution
		HideSolutionNode = FALSE
	EndGlobalSection
	GlobalSection(ExtensibilityGlobals) = postSolution
		SolutionGuid = {3EB129B4-DCAD-4B72-B3D9-612021F58487}
	EndGlobalSection
EndGlobal
