
Microsoft Visual Studio Solution File, Format Version 12.00
# Visual Studio Version 16
VisualStudioVersion = 16.0.30907.101
MinimumVisualStudioVersion = 10.0.40219.1
Project("{FAE04EC0-301F-11D3-BF4B-00C04F79EFBC}") = "078 CREATE AND DELETE FILES AND FOLDERS", "078 CREATE AND DELETE FILES AND FOLDERS\078 CREATE AND DELETE FILES AND FOLDERS.csproj", "{2CEF512D-3CF0-48AB-94DA-A0BC7548B030}"
EndProject
Global
	GlobalSection(SolutionConfigurationPlatforms) = preSolution
		Debug|Any CPU = Debug|Any CPU
		Release|Any CPU = Release|Any CPU
	EndGlobalSection
	GlobalSection(ProjectConfigurationPlatforms) = postSolution
		{2CEF512D-3CF0-48AB-94DA-A0BC7548B030}.Debug|Any CPU.ActiveCfg = Debug|Any CPU
		{2CEF512D-3CF0-48AB-94DA-A0BC7548B030}.Debug|Any CPU.Build.0 = Debug|Any CPU
		{2CEF512D-3CF0-48AB-94DA-A0BC7548B030}.Release|Any CPU.ActiveCfg = Release|Any CPU
		{2CEF512D-3CF0-48AB-94DA-A0BC7548B030}.Release|Any CPU.Build.0 = Release|Any CPU
	EndGlobalSection
	GlobalSection(SolutionProperties) = preSolution
		HideSolutionNode = FALSE
	EndGlobalSection
	GlobalSection(ExtensibilityGlobals) = postSolution
		SolutionGuid = {569BE756-7386-4C40-924F-A81F43D81B6C}
	EndGlobalSection
EndGlobal
