
Microsoft Visual Studio Solution File, Format Version 12.00
# Visual Studio Version 16
VisualStudioVersion = 16.0.30804.86
MinimumVisualStudioVersion = 10.0.40219.1
Project("{FAE04EC0-301F-11D3-BF4B-00C04F79EFBC}") = "049_PRINT DATE AND TIME VISUAL STUDIO", "049_PRINT DATE AND TIME VISUAL STUDIO\049_PRINT DATE AND TIME VISUAL STUDIO.csproj", "{DBEF6D22-3E36-43DC-A5E0-FD238B19E845}"
EndProject
Global
	GlobalSection(SolutionConfigurationPlatforms) = preSolution
		Debug|Any CPU = Debug|Any CPU
		Release|Any CPU = Release|Any CPU
	EndGlobalSection
	GlobalSection(ProjectConfigurationPlatforms) = postSolution
		{DBEF6D22-3E36-43DC-A5E0-FD238B19E845}.Debug|Any CPU.ActiveCfg = Debug|Any CPU
		{DBEF6D22-3E36-43DC-A5E0-FD238B19E845}.Debug|Any CPU.Build.0 = Debug|Any CPU
		{DBEF6D22-3E36-43DC-A5E0-FD238B19E845}.Release|Any CPU.ActiveCfg = Release|Any CPU
		{DBEF6D22-3E36-43DC-A5E0-FD238B19E845}.Release|Any CPU.Build.0 = Release|Any CPU
	EndGlobalSection
	GlobalSection(SolutionProperties) = preSolution
		HideSolutionNode = FALSE
	EndGlobalSection
	GlobalSection(ExtensibilityGlobals) = postSolution
		SolutionGuid = {51F4B9F6-E20A-44D7-9226-4464A208D22F}
	EndGlobalSection
EndGlobal
