
Microsoft Visual Studio Solution File, Format Version 12.00
# Visual Studio Version 16
VisualStudioVersion = 16.0.30907.101
MinimumVisualStudioVersion = 10.0.40219.1
Project("{FAE04EC0-301F-11D3-BF4B-00C04F79EFBC}") = "Aufgabe KreisVererbung", "Aufgabe KreisVererbung\Aufgabe KreisVererbung.csproj", "{5D018552-C867-4DD6-9F81-1A553AF08118}"
EndProject
Global
	GlobalSection(SolutionConfigurationPlatforms) = preSolution
		Debug|Any CPU = Debug|Any CPU
		Release|Any CPU = Release|Any CPU
	EndGlobalSection
	GlobalSection(ProjectConfigurationPlatforms) = postSolution
		{5D018552-C867-4DD6-9F81-1A553AF08118}.Debug|Any CPU.ActiveCfg = Debug|Any CPU
		{5D018552-C867-4DD6-9F81-1A553AF08118}.Debug|Any CPU.Build.0 = Debug|Any CPU
		{5D018552-C867-4DD6-9F81-1A553AF08118}.Release|Any CPU.ActiveCfg = Release|Any CPU
		{5D018552-C867-4DD6-9F81-1A553AF08118}.Release|Any CPU.Build.0 = Release|Any CPU
	EndGlobalSection
	GlobalSection(SolutionProperties) = preSolution
		HideSolutionNode = FALSE
	EndGlobalSection
	GlobalSection(ExtensibilityGlobals) = postSolution
		SolutionGuid = {84A23350-8ACD-406B-A0A1-DFCEBA26B28E}
	EndGlobalSection
EndGlobal
