
Microsoft Visual Studio Solution File, Format Version 12.00
# Visual Studio Version 16
VisualStudioVersion = 16.0.30907.101
MinimumVisualStudioVersion = 10.0.40219.1
Project("{FAE04EC0-301F-11D3-BF4B-00C04F79EFBC}") = "206 OOP Create New Namespace", "206 OOP Create New Namespace\206 OOP Create New Namespace.csproj", "{8FB21332-43C5-4EBF-97A7-5353BC7B580B}"
EndProject
Global
	GlobalSection(SolutionConfigurationPlatforms) = preSolution
		Debug|Any CPU = Debug|Any CPU
		Release|Any CPU = Release|Any CPU
	EndGlobalSection
	GlobalSection(ProjectConfigurationPlatforms) = postSolution
		{8FB21332-43C5-4EBF-97A7-5353BC7B580B}.Debug|Any CPU.ActiveCfg = Debug|Any CPU
		{8FB21332-43C5-4EBF-97A7-5353BC7B580B}.Debug|Any CPU.Build.0 = Debug|Any CPU
		{8FB21332-43C5-4EBF-97A7-5353BC7B580B}.Release|Any CPU.ActiveCfg = Release|Any CPU
		{8FB21332-43C5-4EBF-97A7-5353BC7B580B}.Release|Any CPU.Build.0 = Release|Any CPU
	EndGlobalSection
	GlobalSection(SolutionProperties) = preSolution
		HideSolutionNode = FALSE
	EndGlobalSection
	GlobalSection(ExtensibilityGlobals) = postSolution
		SolutionGuid = {7A9DA1A8-6B0C-42F9-BF42-8A16523766DF}
	EndGlobalSection
EndGlobal
