
Microsoft Visual Studio Solution File, Format Version 12.00
# Visual Studio Version 16
VisualStudioVersion = 16.0.30804.86
MinimumVisualStudioVersion = 10.0.40219.1
Project("{FAE04EC0-301F-11D3-BF4B-00C04F79EFBC}") = "063 LENGTH CHARACTERS OF STRING", "063 LENGTH CHARACTERS OF STRING\063 LENGTH CHARACTERS OF STRING.csproj", "{42206C87-3508-410D-BA74-23DBED26A289}"
EndProject
Global
	GlobalSection(SolutionConfigurationPlatforms) = preSolution
		Debug|Any CPU = Debug|Any CPU
		Release|Any CPU = Release|Any CPU
	EndGlobalSection
	GlobalSection(ProjectConfigurationPlatforms) = postSolution
		{42206C87-3508-410D-BA74-23DBED26A289}.Debug|Any CPU.ActiveCfg = Debug|Any CPU
		{42206C87-3508-410D-BA74-23DBED26A289}.Debug|Any CPU.Build.0 = Debug|Any CPU
		{42206C87-3508-410D-BA74-23DBED26A289}.Release|Any CPU.ActiveCfg = Release|Any CPU
		{42206C87-3508-410D-BA74-23DBED26A289}.Release|Any CPU.Build.0 = Release|Any CPU
	EndGlobalSection
	GlobalSection(SolutionProperties) = preSolution
		HideSolutionNode = FALSE
	EndGlobalSection
	GlobalSection(ExtensibilityGlobals) = postSolution
		SolutionGuid = {D747FCC8-BA0C-41EC-9A84-A24716C7552D}
	EndGlobalSection
EndGlobal
