
Microsoft Visual Studio Solution File, Format Version 12.00
# Visual Studio Version 16
VisualStudioVersion = 16.0.30907.101
MinimumVisualStudioVersion = 10.0.40219.1
Project("{FAE04EC0-301F-11D3-BF4B-00C04F79EFBC}") = "205 OOP Call By out Function", "205 OOP Call By out Function\205 OOP Call By out Function.csproj", "{15F4152C-2A50-4381-9CAA-7159A18639E1}"
EndProject
Global
	GlobalSection(SolutionConfigurationPlatforms) = preSolution
		Debug|Any CPU = Debug|Any CPU
		Release|Any CPU = Release|Any CPU
	EndGlobalSection
	GlobalSection(ProjectConfigurationPlatforms) = postSolution
		{15F4152C-2A50-4381-9CAA-7159A18639E1}.Debug|Any CPU.ActiveCfg = Debug|Any CPU
		{15F4152C-2A50-4381-9CAA-7159A18639E1}.Debug|Any CPU.Build.0 = Debug|Any CPU
		{15F4152C-2A50-4381-9CAA-7159A18639E1}.Release|Any CPU.ActiveCfg = Release|Any CPU
		{15F4152C-2A50-4381-9CAA-7159A18639E1}.Release|Any CPU.Build.0 = Release|Any CPU
	EndGlobalSection
	GlobalSection(SolutionProperties) = preSolution
		HideSolutionNode = FALSE
	EndGlobalSection
	GlobalSection(ExtensibilityGlobals) = postSolution
		SolutionGuid = {8F70AA48-3542-4A5F-ADE9-CA21B54E6065}
	EndGlobalSection
EndGlobal
