
Microsoft Visual Studio Solution File, Format Version 12.00
# Visual Studio Version 16
VisualStudioVersion = 16.0.30907.101
MinimumVisualStudioVersion = 10.0.40219.1
Project("{FAE04EC0-301F-11D3-BF4B-00C04F79EFBC}") = "088 LOCATION OR POSITION", "089 LOCATION OR POSITION\088 LOCATION OR POSITION.csproj", "{103F1195-CE6F-4F33-8E45-956C8B7FDFC0}"
EndProject
Global
	GlobalSection(SolutionConfigurationPlatforms) = preSolution
		Debug|Any CPU = Debug|Any CPU
		Release|Any CPU = Release|Any CPU
	EndGlobalSection
	GlobalSection(ProjectConfigurationPlatforms) = postSolution
		{103F1195-CE6F-4F33-8E45-956C8B7FDFC0}.Debug|Any CPU.ActiveCfg = Debug|Any CPU
		{103F1195-CE6F-4F33-8E45-956C8B7FDFC0}.Debug|Any CPU.Build.0 = Debug|Any CPU
		{103F1195-CE6F-4F33-8E45-956C8B7FDFC0}.Release|Any CPU.ActiveCfg = Release|Any CPU
		{103F1195-CE6F-4F33-8E45-956C8B7FDFC0}.Release|Any CPU.Build.0 = Release|Any CPU
	EndGlobalSection
	GlobalSection(SolutionProperties) = preSolution
		HideSolutionNode = FALSE
	EndGlobalSection
	GlobalSection(ExtensibilityGlobals) = postSolution
		SolutionGuid = {CCCFD1E5-8C98-425A-97AC-137C106F1A73}
	EndGlobalSection
EndGlobal
