
Microsoft Visual Studio Solution File, Format Version 12.00
# Visual Studio Version 16
VisualStudioVersion = 16.0.30907.101
MinimumVisualStudioVersion = 10.0.40219.1
Project("{FAE04EC0-301F-11D3-BF4B-00C04F79EFBC}") = "234 OOP constructor inherited class with base", "234 OOP constructor inherited class with base\234 OOP constructor inherited class with base.csproj", "{26C9F7B6-0758-4914-A6FB-AEEE6FFC3A4D}"
EndProject
Global
	GlobalSection(SolutionConfigurationPlatforms) = preSolution
		Debug|Any CPU = Debug|Any CPU
		Release|Any CPU = Release|Any CPU
	EndGlobalSection
	GlobalSection(ProjectConfigurationPlatforms) = postSolution
		{26C9F7B6-0758-4914-A6FB-AEEE6FFC3A4D}.Debug|Any CPU.ActiveCfg = Debug|Any CPU
		{26C9F7B6-0758-4914-A6FB-AEEE6FFC3A4D}.Debug|Any CPU.Build.0 = Debug|Any CPU
		{26C9F7B6-0758-4914-A6FB-AEEE6FFC3A4D}.Release|Any CPU.ActiveCfg = Release|Any CPU
		{26C9F7B6-0758-4914-A6FB-AEEE6FFC3A4D}.Release|Any CPU.Build.0 = Release|Any CPU
	EndGlobalSection
	GlobalSection(SolutionProperties) = preSolution
		HideSolutionNode = FALSE
	EndGlobalSection
	GlobalSection(ExtensibilityGlobals) = postSolution
		SolutionGuid = {A5CAAC58-9096-40E8-8345-ACA7910D8086}
	EndGlobalSection
EndGlobal
