
Microsoft Visual Studio Solution File, Format Version 12.00
# Visual Studio Version 16
VisualStudioVersion = 16.0.30907.101
MinimumVisualStudioVersion = 10.0.40219.1
Project("{FAE04EC0-301F-11D3-BF4B-00C04F79EFBC}") = "238 OOP Polymorphism", "238 OOP Polymorphism\238 OOP Polymorphism.csproj", "{B94B137A-A00E-4349-8EA6-7EEE25F4A81B}"
EndProject
Global
	GlobalSection(SolutionConfigurationPlatforms) = preSolution
		Debug|Any CPU = Debug|Any CPU
		Release|Any CPU = Release|Any CPU
	EndGlobalSection
	GlobalSection(ProjectConfigurationPlatforms) = postSolution
		{B94B137A-A00E-4349-8EA6-7EEE25F4A81B}.Debug|Any CPU.ActiveCfg = Debug|Any CPU
		{B94B137A-A00E-4349-8EA6-7EEE25F4A81B}.Debug|Any CPU.Build.0 = Debug|Any CPU
		{B94B137A-A00E-4349-8EA6-7EEE25F4A81B}.Release|Any CPU.ActiveCfg = Release|Any CPU
		{B94B137A-A00E-4349-8EA6-7EEE25F4A81B}.Release|Any CPU.Build.0 = Release|Any CPU
	EndGlobalSection
	GlobalSection(SolutionProperties) = preSolution
		HideSolutionNode = FALSE
	EndGlobalSection
	GlobalSection(ExtensibilityGlobals) = postSolution
		SolutionGuid = {F11A378D-10AA-4AFA-A3A6-26E09BE40951}
	EndGlobalSection
EndGlobal
