
Microsoft Visual Studio Solution File, Format Version 12.00
# Visual Studio Version 16
VisualStudioVersion = 16.0.30907.101
MinimumVisualStudioVersion = 10.0.40219.1
Project("{FAE04EC0-301F-11D3-BF4B-00C04F79EFBC}") = "218 OOP CLASS To Create Data File", "218 OOP CLASS To Create Data File\218 OOP CLASS To Create Data File.csproj", "{345529F1-07D7-47FA-8EFA-770CDA795AE4}"
EndProject
Global
	GlobalSection(SolutionConfigurationPlatforms) = preSolution
		Debug|Any CPU = Debug|Any CPU
		Release|Any CPU = Release|Any CPU
	EndGlobalSection
	GlobalSection(ProjectConfigurationPlatforms) = postSolution
		{345529F1-07D7-47FA-8EFA-770CDA795AE4}.Debug|Any CPU.ActiveCfg = Debug|Any CPU
		{345529F1-07D7-47FA-8EFA-770CDA795AE4}.Debug|Any CPU.Build.0 = Debug|Any CPU
		{345529F1-07D7-47FA-8EFA-770CDA795AE4}.Release|Any CPU.ActiveCfg = Release|Any CPU
		{345529F1-07D7-47FA-8EFA-770CDA795AE4}.Release|Any CPU.Build.0 = Release|Any CPU
	EndGlobalSection
	GlobalSection(SolutionProperties) = preSolution
		HideSolutionNode = FALSE
	EndGlobalSection
	GlobalSection(ExtensibilityGlobals) = postSolution
		SolutionGuid = {45E989B0-E7FB-4919-8C12-530DA5FBC084}
	EndGlobalSection
EndGlobal
